
Microsoft Visual Studio Solution File, Format Version 12.00
Project("{FAE04EC0-301F-11D3-BF4B-00C04F79EFBC}") = "Minfold.Cli", "Minfold.Cli\Minfold.Cli.csproj", "{9F863571-23EE-431E-8B8B-EF8732B0D384}"
EndProject
Project("{FAE04EC0-301F-11D3-BF4B-00C04F79EFBC}") = "Minfold", "Minfold\Minfold.csproj", "{EB6D283F-A3D0-4401-8F37-8490837C35EC}"
EndProject
Project("{FAE04EC0-301F-11D3-BF4B-00C04F79EFBC}") = "MinFold.Test", "MinFold.Test\MinFold.Test.csproj", "{492C9150-6B8D-4CE2-BC5E-1CA3ECA44A40}"
EndProject
Project("{FAE04EC0-301F-11D3-BF4B-00C04F79EFBC}") = "Minfold.Annotations", "Minfold.Annotations\Minfold.Annotations.csproj", "{DA616EB2-6F0C-42CE-9E9D-655EA35EA497}"
EndProject
Project("{FAE04EC0-301F-11D3-BF4B-00C04F79EFBC}") = "Minfold.Migrations", "Minfold.Migrations\Minfold.Migrations.csproj", "{646E274E-3684-41B4-A6BE-CA3F3DE0D515}"
EndProject
Project("{FAE04EC0-301F-11D3-BF4B-00C04F79EFBC}") = "Minfold.Migrations.Cli", "Minfold.Migrations.Cli\Minfold.Migrations.Cli.csproj", "{0612C46E-EE98-4445-97B4-3D3247526F41}"
EndProject
Global
	GlobalSection(SolutionConfigurationPlatforms) = preSolution
		Debug|Any CPU = Debug|Any CPU
		Release|Any CPU = Release|Any CPU
	EndGlobalSection
	GlobalSection(ProjectConfigurationPlatforms) = postSolution
		{9F863571-23EE-431E-8B8B-EF8732B0D384}.Debug|Any CPU.ActiveCfg = Debug|Any CPU
		{9F863571-23EE-431E-8B8B-EF8732B0D384}.Debug|Any CPU.Build.0 = Debug|Any CPU
		{9F863571-23EE-431E-8B8B-EF8732B0D384}.Release|Any CPU.ActiveCfg = Release|Any CPU
		{9F863571-23EE-431E-8B8B-EF8732B0D384}.Release|Any CPU.Build.0 = Release|Any CPU
		{EB6D283F-A3D0-4401-8F37-8490837C35EC}.Debug|Any CPU.ActiveCfg = Debug|Any CPU
		{EB6D283F-A3D0-4401-8F37-8490837C35EC}.Debug|Any CPU.Build.0 = Debug|Any CPU
		{EB6D283F-A3D0-4401-8F37-8490837C35EC}.Release|Any CPU.ActiveCfg = Release|Any CPU
		{EB6D283F-A3D0-4401-8F37-8490837C35EC}.Release|Any CPU.Build.0 = Release|Any CPU
		{492C9150-6B8D-4CE2-BC5E-1CA3ECA44A40}.Debug|Any CPU.ActiveCfg = Debug|Any CPU
		{492C9150-6B8D-4CE2-BC5E-1CA3ECA44A40}.Debug|Any CPU.Build.0 = Debug|Any CPU
		{492C9150-6B8D-4CE2-BC5E-1CA3ECA44A40}.Release|Any CPU.ActiveCfg = Release|Any CPU
		{492C9150-6B8D-4CE2-BC5E-1CA3ECA44A40}.Release|Any CPU.Build.0 = Release|Any CPU
		{DA616EB2-6F0C-42CE-9E9D-655EA35EA497}.Debug|Any CPU.ActiveCfg = Debug|Any CPU
		{DA616EB2-6F0C-42CE-9E9D-655EA35EA497}.Debug|Any CPU.Build.0 = Debug|Any CPU
		{DA616EB2-6F0C-42CE-9E9D-655EA35EA497}.Release|Any CPU.ActiveCfg = Release|Any CPU
		{DA616EB2-6F0C-42CE-9E9D-655EA35EA497}.Release|Any CPU.Build.0 = Release|Any CPU
		{646E274E-3684-41B4-A6BE-CA3F3DE0D515}.Debug|Any CPU.ActiveCfg = Debug|Any CPU
		{646E274E-3684-41B4-A6BE-CA3F3DE0D515}.Debug|Any CPU.Build.0 = Debug|Any CPU
		{646E274E-3684-41B4-A6BE-CA3F3DE0D515}.Release|Any CPU.ActiveCfg = Release|Any CPU
		{646E274E-3684-41B4-A6BE-CA3F3DE0D515}.Release|Any CPU.Build.0 = Release|Any CPU
		{0612C46E-EE98-4445-97B4-3D3247526F41}.Debug|Any CPU.ActiveCfg = Debug|Any CPU
		{0612C46E-EE98-4445-97B4-3D3247526F41}.Debug|Any CPU.Build.0 = Debug|Any CPU
		{0612C46E-EE98-4445-97B4-3D3247526F41}.Release|Any CPU.ActiveCfg = Release|Any CPU
		{0612C46E-EE98-4445-97B4-3D3247526F41}.Release|Any CPU.Build.0 = Release|Any CPU
	EndGlobalSection
EndGlobal
